
Microsoft Visual Studio Solution File, Format Version 12.00
# Visual Studio Version 17
VisualStudioVersion = 17.0.31912.275
MinimumVisualStudioVersion = 10.0.40219.1
Project("{9A19103F-16F7-4668-BE54-9A1E7A4F7556}") = "Heroes.Lib", "Heroes.Lib\Heroes.Lib.csproj", "{60BA92D7-399E-4A84-9A56-BF87EC29BE8B}"
EndProject
Project("{FAE04EC0-301F-11D3-BF4B-00C04F79EFBC}") = "Heroes.ConsoleTest", "Heroes.ConsoleTest\Heroes.ConsoleTest.csproj", "{0D8F07EC-BF3D-431C-B798-CCEF80650CD5}"
EndProject
Global
	GlobalSection(SolutionConfigurationPlatforms) = preSolution
		Debug|Any CPU = Debug|Any CPU
		Release|Any CPU = Release|Any CPU
	EndGlobalSection
	GlobalSection(ProjectConfigurationPlatforms) = postSolution
		{60BA92D7-399E-4A84-9A56-BF87EC29BE8B}.Debug|Any CPU.ActiveCfg = Debug|Any CPU
		{60BA92D7-399E-4A84-9A56-BF87EC29BE8B}.Debug|Any CPU.Build.0 = Debug|Any CPU
		{60BA92D7-399E-4A84-9A56-BF87EC29BE8B}.Release|Any CPU.ActiveCfg = Release|Any CPU
		{60BA92D7-399E-4A84-9A56-BF87EC29BE8B}.Release|Any CPU.Build.0 = Release|Any CPU
		{0D8F07EC-BF3D-431C-B798-CCEF80650CD5}.Debug|Any CPU.ActiveCfg = Debug|Any CPU
		{0D8F07EC-BF3D-431C-B798-CCEF80650CD5}.Debug|Any CPU.Build.0 = Debug|Any CPU
		{0D8F07EC-BF3D-431C-B798-CCEF80650CD5}.Release|Any CPU.ActiveCfg = Release|Any CPU
		{0D8F07EC-BF3D-431C-B798-CCEF80650CD5}.Release|Any CPU.Build.0 = Release|Any CPU
	EndGlobalSection
	GlobalSection(SolutionProperties) = preSolution
		HideSolutionNode = FALSE
	EndGlobalSection
	GlobalSection(ExtensibilityGlobals) = postSolution
		SolutionGuid = {0D2B28CD-246B-4CC7-A869-2F0780582DF4}
	EndGlobalSection
EndGlobal
